
Microsoft Visual Studio Solution File, Format Version 12.00
# Visual Studio 15
VisualStudioVersion = 15.0.26730.8
MinimumVisualStudioVersion = 10.0.40219.1
Project("{FAE04EC0-301F-11D3-BF4B-00C04F79EFBC}") = "TriviaNow", "ProjectBeta\TriviaNow.csproj", "{704AA278-613C-4EE0-A85F-20D0350AD507}"
EndProject
Global
	GlobalSection(SolutionConfigurationPlatforms) = preSolution
		Debug|Any CPU = Debug|Any CPU
		Release|Any CPU = Release|Any CPU
	EndGlobalSection
	GlobalSection(ProjectConfigurationPlatforms) = postSolution
		{704AA278-613C-4EE0-A85F-20D0350AD507}.Debug|Any CPU.ActiveCfg = Debug|Any CPU
		{704AA278-613C-4EE0-A85F-20D0350AD507}.Debug|Any CPU.Build.0 = Debug|Any CPU
		{704AA278-613C-4EE0-A85F-20D0350AD507}.Release|Any CPU.ActiveCfg = Release|Any CPU
		{704AA278-613C-4EE0-A85F-20D0350AD507}.Release|Any CPU.Build.0 = Release|Any CPU
	EndGlobalSection
	GlobalSection(SolutionProperties) = preSolution
		HideSolutionNode = FALSE
	EndGlobalSection
	GlobalSection(ExtensibilityGlobals) = postSolution
		SolutionGuid = {DACFFEB6-1CEF-4F8B-A3BE-766D108C3842}
	EndGlobalSection
EndGlobal
